
Microsoft Visual Studio Solution File, Format Version 12.00
# Visual Studio Version 16
VisualStudioVersion = 16.0.29920.165
MinimumVisualStudioVersion = 10.0.40219.1
Project("{FAE04EC0-301F-11D3-BF4B-00C04F79EFBC}") = "UdpLib", "UdpLib\UdpLib.csproj", "{2B6F240E-C616-4F45-8F18-DCD8190D0DD4}"
EndProject
Global
	GlobalSection(SolutionConfigurationPlatforms) = preSolution
		Debug|Any CPU = Debug|Any CPU
		Release|Any CPU = Release|Any CPU
	EndGlobalSection
	GlobalSection(ProjectConfigurationPlatforms) = postSolution
		{2B6F240E-C616-4F45-8F18-DCD8190D0DD4}.Debug|Any CPU.ActiveCfg = Debug|Any CPU
		{2B6F240E-C616-4F45-8F18-DCD8190D0DD4}.Debug|Any CPU.Build.0 = Debug|Any CPU
		{2B6F240E-C616-4F45-8F18-DCD8190D0DD4}.Release|Any CPU.ActiveCfg = Release|Any CPU
		{2B6F240E-C616-4F45-8F18-DCD8190D0DD4}.Release|Any CPU.Build.0 = Release|Any CPU
	EndGlobalSection
	GlobalSection(SolutionProperties) = preSolution
		HideSolutionNode = FALSE
	EndGlobalSection
	GlobalSection(ExtensibilityGlobals) = postSolution
		SolutionGuid = {65CA88C2-A3BA-4A61-AAF1-6E4BE01D095A}
	EndGlobalSection
EndGlobal
